schema: '2.0'
stages:
  features_calculation:
    cmd: python3 -m pytitanic.features -o features -r data/train.csv -s data/test.csv
    deps:
    - path: data/test.csv
      md5: 029c9cd22461f6dbe8d9ab01def965c6
      size: 28629
    - path: data/train.csv
      md5: 61fdd54abdbf6a85b778e937122e1194
      size: 61194
    - path: pytitanic/features.py
      md5: 27d0d23b7f1b8f06d14121be92b7f160
      size: 1305
    outs:
    - path: features/test_features.csv
      md5: 0f98759172b6e5340c0b878e77822c2f
      size: 11700
    - path: features/train_features.csv
      md5: ef94510a6595b8e4bd118cebf631f490
      size: 27614
  model_training:
    cmd: python3 -m pytitanic.model -o results -r features/train_features.csv -s features/test_features.csv
    deps:
    - path: features/test_features.csv
      md5: 0f98759172b6e5340c0b878e77822c2f
      size: 11700
    - path: features/train_features.csv
      md5: ef94510a6595b8e4bd118cebf631f490
      size: 27614
    - path: pytitanic/model.py
      md5: c5eac8e34c219272e61b5b82add729cf
      size: 2806
    outs:
    - path: results/cb-metrics.json
      md5: ba412c91f01c8f1c6f3a765b87dd5d85
      size: 59
    - path: results/cb-model.cbm
      md5: b6fc15a1e631103618ce8ab62e5728c3
      size: 135248
    - path: results/cb-submission.csv
      md5: d8b503d567d9426ef744b38f378887a2
      size: 2839
